
Microsoft Visual Studio Solution File, Format Version 12.00
# Visual Studio Version 16
VisualStudioVersion = 16.0.29728.190
MinimumVisualStudioVersion = 10.0.40219.1
Project("{FAE04EC0-301F-11D3-BF4B-00C04F79EFBC}") = "Practica_2", "Practica_2\Practica_2.csproj", "{FBCC6663-0819-42DD-9A06-D6A0F8D4C810}"
EndProject
Project("{FAE04EC0-301F-11D3-BF4B-00C04F79EFBC}") = "Ejercicio_Int", "Ejercicio_Int\Ejercicio_Int.csproj", "{FCB74896-79FF-470E-8070-98C34B23DF2A}"
EndProject
Global
	GlobalSection(SolutionConfigurationPlatforms) = preSolution
		Debug|Any CPU = Debug|Any CPU
		Release|Any CPU = Release|Any CPU
	EndGlobalSection
	GlobalSection(ProjectConfigurationPlatforms) = postSolution
		{FBCC6663-0819-42DD-9A06-D6A0F8D4C810}.Debug|Any CPU.ActiveCfg = Debug|Any CPU
		{FBCC6663-0819-42DD-9A06-D6A0F8D4C810}.Debug|Any CPU.Build.0 = Debug|Any CPU
		{FBCC6663-0819-42DD-9A06-D6A0F8D4C810}.Release|Any CPU.ActiveCfg = Release|Any CPU
		{FBCC6663-0819-42DD-9A06-D6A0F8D4C810}.Release|Any CPU.Build.0 = Release|Any CPU
		{FCB74896-79FF-470E-8070-98C34B23DF2A}.Debug|Any CPU.ActiveCfg = Debug|Any CPU
		{FCB74896-79FF-470E-8070-98C34B23DF2A}.Debug|Any CPU.Build.0 = Debug|Any CPU
		{FCB74896-79FF-470E-8070-98C34B23DF2A}.Release|Any CPU.ActiveCfg = Release|Any CPU
		{FCB74896-79FF-470E-8070-98C34B23DF2A}.Release|Any CPU.Build.0 = Release|Any CPU
	EndGlobalSection
	GlobalSection(SolutionProperties) = preSolution
		HideSolutionNode = FALSE
	EndGlobalSection
	GlobalSection(ExtensibilityGlobals) = postSolution
		SolutionGuid = {9D55A100-D08F-4DF0-A294-AB1E525DBE2F}
	EndGlobalSection
EndGlobal
