
Microsoft Visual Studio Solution File, Format Version 12.00
# Visual Studio Version 16
VisualStudioVersion = 16.0.29728.190
MinimumVisualStudioVersion = 10.0.40219.1
Project("{FAE04EC0-301F-11D3-BF4B-00C04F79EFBC}") = "Practica_2", "Practica_2\Practica_2.csproj", "{FBCC6663-0819-42DD-9A06-D6A0F8D4C810}"
EndProject
Project("{FAE04EC0-301F-11D3-BF4B-00C04F79EFBC}") = "Ejercicio_Int", "Ejercicio_Int\Ejercicio_Int.csproj", "{FCB74896-79FF-470E-8070-98C34B23DF2A}"
EndProject
Project("{FAE04EC0-301F-11D3-BF4B-00C04F79EFBC}") = "CalculoPerimetro", "CalculoPerimetro\CalculoPerimetro.csproj", "{E629CA1E-B07F-41B4-932F-58DF5216D49B}"
EndProject
Project("{FAE04EC0-301F-11D3-BF4B-00C04F79EFBC}") = "Ejercicio_String", "Ejercicio_String\Ejercicio_String.csproj", "{E7FE96D3-10BC-4164-82BD-777C20C51AF3}"
EndProject
Project("{FAE04EC0-301F-11D3-BF4B-00C04F79EFBC}") = "Ejercicio_StringInt", "Ejercicio_StringInt\Ejercicio_StringInt.csproj", "{A7FD1396-7180-4D22-B9A3-9A5B4D9BD94A}"
EndProject
Project("{FAE04EC0-301F-11D3-BF4B-00C04F79EFBC}") = "Operaciones", "Operaciones\Operaciones.csproj", "{951D4663-E33F-48C4-8ED5-911DF00EA5F4}"
EndProject
Project("{FAE04EC0-301F-11D3-BF4B-00C04F79EFBC}") = "Burger", "Burger\Burger.csproj", "{D7C31CEC-F933-4D9E-A8D3-813E161AC47A}"
EndProject
Global
	GlobalSection(SolutionConfigurationPlatforms) = preSolution
		Debug|Any CPU = Debug|Any CPU
		Release|Any CPU = Release|Any CPU
	EndGlobalSection
	GlobalSection(ProjectConfigurationPlatforms) = postSolution
		{FBCC6663-0819-42DD-9A06-D6A0F8D4C810}.Debug|Any CPU.ActiveCfg = Debug|Any CPU
		{FBCC6663-0819-42DD-9A06-D6A0F8D4C810}.Debug|Any CPU.Build.0 = Debug|Any CPU
		{FBCC6663-0819-42DD-9A06-D6A0F8D4C810}.Release|Any CPU.ActiveCfg = Release|Any CPU
		{FBCC6663-0819-42DD-9A06-D6A0F8D4C810}.Release|Any CPU.Build.0 = Release|Any CPU
		{FCB74896-79FF-470E-8070-98C34B23DF2A}.Debug|Any CPU.ActiveCfg = Debug|Any CPU
		{FCB74896-79FF-470E-8070-98C34B23DF2A}.Debug|Any CPU.Build.0 = Debug|Any CPU
		{FCB74896-79FF-470E-8070-98C34B23DF2A}.Release|Any CPU.ActiveCfg = Release|Any CPU
		{FCB74896-79FF-470E-8070-98C34B23DF2A}.Release|Any CPU.Build.0 = Release|Any CPU
		{E629CA1E-B07F-41B4-932F-58DF5216D49B}.Debug|Any CPU.ActiveCfg = Debug|Any CPU
		{E629CA1E-B07F-41B4-932F-58DF5216D49B}.Debug|Any CPU.Build.0 = Debug|Any CPU
		{E629CA1E-B07F-41B4-932F-58DF5216D49B}.Release|Any CPU.ActiveCfg = Release|Any CPU
		{E629CA1E-B07F-41B4-932F-58DF5216D49B}.Release|Any CPU.Build.0 = Release|Any CPU
		{E7FE96D3-10BC-4164-82BD-777C20C51AF3}.Debug|Any CPU.ActiveCfg = Debug|Any CPU
		{E7FE96D3-10BC-4164-82BD-777C20C51AF3}.Debug|Any CPU.Build.0 = Debug|Any CPU
		{E7FE96D3-10BC-4164-82BD-777C20C51AF3}.Release|Any CPU.ActiveCfg = Release|Any CPU
		{E7FE96D3-10BC-4164-82BD-777C20C51AF3}.Release|Any CPU.Build.0 = Release|Any CPU
		{A7FD1396-7180-4D22-B9A3-9A5B4D9BD94A}.Debug|Any CPU.ActiveCfg = Debug|Any CPU
		{A7FD1396-7180-4D22-B9A3-9A5B4D9BD94A}.Debug|Any CPU.Build.0 = Debug|Any CPU
		{A7FD1396-7180-4D22-B9A3-9A5B4D9BD94A}.Release|Any CPU.ActiveCfg = Release|Any CPU
		{A7FD1396-7180-4D22-B9A3-9A5B4D9BD94A}.Release|Any CPU.Build.0 = Release|Any CPU
		{951D4663-E33F-48C4-8ED5-911DF00EA5F4}.Debug|Any CPU.ActiveCfg = Debug|Any CPU
		{951D4663-E33F-48C4-8ED5-911DF00EA5F4}.Debug|Any CPU.Build.0 = Debug|Any CPU
		{951D4663-E33F-48C4-8ED5-911DF00EA5F4}.Release|Any CPU.ActiveCfg = Release|Any CPU
		{951D4663-E33F-48C4-8ED5-911DF00EA5F4}.Release|Any CPU.Build.0 = Release|Any CPU
		{D7C31CEC-F933-4D9E-A8D3-813E161AC47A}.Debug|Any CPU.ActiveCfg = Debug|Any CPU
		{D7C31CEC-F933-4D9E-A8D3-813E161AC47A}.Debug|Any CPU.Build.0 = Debug|Any CPU
		{D7C31CEC-F933-4D9E-A8D3-813E161AC47A}.Release|Any CPU.ActiveCfg = Release|Any CPU
		{D7C31CEC-F933-4D9E-A8D3-813E161AC47A}.Release|Any CPU.Build.0 = Release|Any CPU
	EndGlobalSection
	GlobalSection(SolutionProperties) = preSolution
		HideSolutionNode = FALSE
	EndGlobalSection
	GlobalSection(ExtensibilityGlobals) = postSolution
		SolutionGuid = {9D55A100-D08F-4DF0-A294-AB1E525DBE2F}
	EndGlobalSection
EndGlobal
